<?xml version="1.0" encoding="utf-8"?>
<Project ToolsVersion="4.0" xmlns="http://schemas.microsoft.com/developer/msbuild/2003">
  <ItemGroup>
    <Filter Include="dependencies">
      <UniqueIdentifier>{ee5b7442-ca66-4b11-a24c-88f2f2b95d8b}</UniqueIdentifier>
    </Filter>
    <Filter Include="source">
      <UniqueIdentifier>{8c989451-29d8-4b6f-8002-0ce222c5e24b}</UniqueIdentifier>
    </Filter>
    <Filter Include="source\Time">
      <UniqueIdentifier>{77e19167-d5d6-4a8e-ac5a-f738b4827751}</UniqueIdentifier>
    </Filter>
    <Filter Include="source\Time\Implementation">
      <UniqueIdentifier>{55c68fe8-12a5-48e4-8459-8b0ecd4fa303}</UniqueIdentifier>
    </Filter>
    <Filter Include="source\utilities">
      <UniqueIdentifier>{6e2cb07b-d275-44c2-95cc-7b9630795f68}</UniqueIdentifier>
    </Filter>
    <Filter Include="dependencies\glhelper">
      <UniqueIdentifier>{041f6cf5-bfc8-444c-b9f5-f3a2c400b684}</UniqueIdentifier>
    </Filter>
    <Filter Include="dependencies\glhelper\utils">
      <UniqueIdentifier>{bab5b3fd-6577-4bff-b5d0-d555ea052d79}</UniqueIdentifier>
    </Filter>
    <Filter Include="shader">
      <UniqueIdentifier>{48ce1dbd-3d9c-47e0-b2ae-43ed3153c914}</UniqueIdentifier>
    </Filter>
    <Filter Include="source\camera">
      <UniqueIdentifier>{e72fca81-7c0c-46e9-970b-7cc6c8f274a1}</UniqueIdentifier>
    </Filter>
    <Filter Include="dependencies\stb">
      <UniqueIdentifier>{a87bab1d-b0cc-474e-b656-287467639cd0}</UniqueIdentifier>
    </Filter>
    <Filter Include="source\scene">
      <UniqueIdentifier>{83bf86e5-5e1e-4e01-854f-9816fa8039d7}</UniqueIdentifier>
    </Filter>
    <Filter Include="source\FileWatcher">
      <UniqueIdentifier>{76f7dea4-7c20-4d98-9898-ac637c4871f6}</UniqueIdentifier>
    </Filter>
    <Filter Include="source\rendering">
      <UniqueIdentifier>{25952a48-ef22-44d0-abb0-7098fdd6e16d}</UniqueIdentifier>
    </Filter>
    <Filter Include="dependencies\epsilon">
      <UniqueIdentifier>{c47b33d1-9344-4518-b1ca-31c4dae66e84}</UniqueIdentifier>
    </Filter>
  </ItemGroup>
  <ItemGroup>
    <ClCompile Include="outputwindow.cpp">
      <Filter>source</Filter>
    </ClCompile>
    <ClCompile Include="main.cpp">
      <Filter>source</Filter>
    </ClCompile>
    <ClCompile Include="Time\Implementation\Time.cpp">
      <Filter>source\Time\Implementation</Filter>
    </ClCompile>
    <ClCompile Include="Time\Implementation\Stopwatch.cpp">
      <Filter>source\Time\Implementation</Filter>
    </ClCompile>
    <ClCompile Include="utilities\logger.cpp">
      <Filter>source\utilities</Filter>
    </ClCompile>
    <ClCompile Include="utilities\policy.cpp">
      <Filter>source\utilities</Filter>
    </ClCompile>
    <ClCompile Include="utilities\random.cpp">
      <Filter>source\utilities</Filter>
    </ClCompile>
    <ClCompile Include="utilities\assert.cpp">
      <Filter>source\utilities</Filter>
    </ClCompile>
    <ClCompile Include="utilities\color.cpp">
      <Filter>source\utilities</Filter>
    </ClCompile>
    <ClCompile Include="..\dependencies\glhelper\glhelper\framebufferobject.cpp">
      <Filter>dependencies\glhelper</Filter>
    </ClCompile>
    <ClCompile Include="..\dependencies\glhelper\glhelper\gl.cpp">
      <Filter>dependencies\glhelper</Filter>
    </ClCompile>
    <ClCompile Include="..\dependencies\glhelper\glhelper\samplerobject.cpp">
      <Filter>dependencies\glhelper</Filter>
    </ClCompile>
    <ClCompile Include="..\dependencies\glhelper\glhelper\screenalignedtriangle.cpp">
      <Filter>dependencies\glhelper</Filter>
    </ClCompile>
    <ClCompile Include="..\dependencies\glhelper\glhelper\shaderobject.cpp">
      <Filter>dependencies\glhelper</Filter>
    </ClCompile>
    <ClCompile Include="..\dependencies\glhelper\glhelper\shaderstoragebuffer.cpp">
      <Filter>dependencies\glhelper</Filter>
    </ClCompile>
    <ClCompile Include="..\dependencies\glhelper\glhelper\texture.cpp">
      <Filter>dependencies\glhelper</Filter>
    </ClCompile>
    <ClCompile Include="..\dependencies\glhelper\glhelper\texture2d.cpp">
      <Filter>dependencies\glhelper</Filter>
    </ClCompile>
    <ClCompile Include="..\dependencies\glhelper\glhelper\texturebuffer.cpp">
      <Filter>dependencies\glhelper</Filter>
    </ClCompile>
    <ClCompile Include="..\dependencies\glhelper\glhelper\textureformats.cpp">
      <Filter>dependencies\glhelper</Filter>
    </ClCompile>
    <ClCompile Include="..\dependencies\glhelper\glhelper\uniformbuffer.cpp">
      <Filter>dependencies\glhelper</Filter>
    </ClCompile>
    <ClCompile Include="..\dependencies\glhelper\glhelper\buffer.cpp">
      <Filter>dependencies\glhelper</Filter>
    </ClCompile>
    <ClCompile Include="..\dependencies\glhelper\glhelper\utils\pathutils.cpp">
      <Filter>dependencies\glhelper\utils</Filter>
    </ClCompile>
    <ClCompile Include="camera\camera.cpp">
      <Filter>source\camera</Filter>
    </ClCompile>
    <ClCompile Include="camera\interactivecamera.cpp">
      <Filter>source\camera</Filter>
    </ClCompile>
    <ClCompile Include="scene\texturemanager.cpp">
      <Filter>source\scene</Filter>
    </ClCompile>
    <ClCompile Include="scene\scene.cpp">
      <Filter>source\scene</Filter>
    </ClCompile>
    <ClCompile Include="scene\model.cpp">
      <Filter>source\scene</Filter>
    </ClCompile>
    <ClCompile Include="..\dependencies\glhelper\glhelper\vertexarrayobject.cpp">
      <Filter>dependencies\glhelper</Filter>
    </ClCompile>
    <ClCompile Include="..\dependencies\glhelper\glhelper\texture3d.cpp">
      <Filter>dependencies\glhelper</Filter>
    </ClCompile>
    <ClCompile Include="FileWatcher\FileWatcherWin32.cpp">
      <Filter>source\FileWatcher</Filter>
    </ClCompile>
    <ClCompile Include="FileWatcher\FileWatcher.cpp">
      <Filter>source\FileWatcher</Filter>
    </ClCompile>
    <ClCompile Include="application.cpp">
      <Filter>source</Filter>
    </ClCompile>
    <ClCompile Include="shaderfilewatcher.cpp">
      <Filter>source</Filter>
    </ClCompile>
    <ClCompile Include="rendering\renderer.cpp">
      <Filter>source\rendering</Filter>
    </ClCompile>
    <ClCompile Include="..\dependencies\epsilon\src\3dintersection.cpp">
      <Filter>dependencies\epsilon</Filter>
    </ClCompile>
    <ClCompile Include="..\dependencies\epsilon\src\3dtypes.cpp">
      <Filter>dependencies\epsilon</Filter>
    </ClCompile>
    <ClCompile Include="..\dependencies\epsilon\src\2dfunctions.cpp">
      <Filter>dependencies\epsilon</Filter>
    </ClCompile>
    <ClCompile Include="..\dependencies\epsilon\src\2dintersection.cpp">
      <Filter>dependencies\epsilon</Filter>
    </ClCompile>
    <ClCompile Include="..\dependencies\epsilon\src\2dtypes.cpp">
      <Filter>dependencies\epsilon</Filter>
    </ClCompile>
    <ClCompile Include="..\dependencies\epsilon\src\3dfunctions.cpp">
      <Filter>dependencies\epsilon</Filter>
    </ClCompile>
    <ClCompile Include="rendering\voxelization.cpp">
      <Filter>source\rendering</Filter>
    </ClCompile>
  </ItemGroup>
  <ItemGroup>
    <ClInclude Include="outputwindow.hpp">
      <Filter>source</Filter>
    </ClInclude>
    <ClInclude Include="Time\Time.h">
      <Filter>source\Time</Filter>
    </ClInclude>
    <ClInclude Include="Time\Stopwatch.h">
      <Filter>source\Time</Filter>
    </ClInclude>
    <ClInclude Include="Time\Implementation\Time_inl.h">
      <Filter>source\Time\Implementation</Filter>
    </ClInclude>
    <ClInclude Include="utilities\flagoperators.hpp">
      <Filter>source\utilities</Filter>
    </ClInclude>
    <ClInclude Include="utilities\logger.hpp">
      <Filter>source\utilities</Filter>
    </ClInclude>
    <ClInclude Include="utilities\loggerinit.hpp">
      <Filter>source\utilities</Filter>
    </ClInclude>
    <ClInclude Include="utilities\policy.hpp">
      <Filter>source\utilities</Filter>
    </ClInclude>
    <ClInclude Include="utilities\random.hpp">
      <Filter>source\utilities</Filter>
    </ClInclude>
    <ClInclude Include="utilities\utils.hpp">
      <Filter>source\utilities</Filter>
    </ClInclude>
    <ClInclude Include="utilities\variant.hpp">
      <Filter>source\utilities</Filter>
    </ClInclude>
    <ClInclude Include="utilities\assert.hpp">
      <Filter>source\utilities</Filter>
    </ClInclude>
    <ClInclude Include="utilities\color.hpp">
      <Filter>source\utilities</Filter>
    </ClInclude>
    <ClInclude Include="..\dependencies\glhelper\glhelper\buffer.hpp">
      <Filter>dependencies\glhelper</Filter>
    </ClInclude>
    <ClInclude Include="..\dependencies\glhelper\glhelper\framebufferobject.hpp">
      <Filter>dependencies\glhelper</Filter>
    </ClInclude>
    <ClInclude Include="..\dependencies\glhelper\glhelper\gl.hpp">
      <Filter>dependencies\glhelper</Filter>
    </ClInclude>
    <ClInclude Include="..\dependencies\glhelper\glhelper\samplerobject.hpp">
      <Filter>dependencies\glhelper</Filter>
    </ClInclude>
    <ClInclude Include="..\dependencies\glhelper\glhelper\screenalignedtriangle.hpp">
      <Filter>dependencies\glhelper</Filter>
    </ClInclude>
    <ClInclude Include="..\dependencies\glhelper\glhelper\shaderdatametainfo.hpp">
      <Filter>dependencies\glhelper</Filter>
    </ClInclude>
    <ClInclude Include="..\dependencies\glhelper\glhelper\shaderobject.hpp">
      <Filter>dependencies\glhelper</Filter>
    </ClInclude>
    <ClInclude Include="..\dependencies\glhelper\glhelper\shaderstoragebuffer.hpp">
      <Filter>dependencies\glhelper</Filter>
    </ClInclude>
    <ClInclude Include="..\dependencies\glhelper\glhelper\texture.hpp">
      <Filter>dependencies\glhelper</Filter>
    </ClInclude>
    <ClInclude Include="..\dependencies\glhelper\glhelper\texture2d.hpp">
      <Filter>dependencies\glhelper</Filter>
    </ClInclude>
    <ClInclude Include="..\dependencies\glhelper\glhelper\texturebuffer.hpp">
      <Filter>dependencies\glhelper</Filter>
    </ClInclude>
    <ClInclude Include="..\dependencies\glhelper\glhelper\textureformats.hpp">
      <Filter>dependencies\glhelper</Filter>
    </ClInclude>
    <ClInclude Include="..\dependencies\glhelper\glhelper\uniformbuffer.hpp">
      <Filter>dependencies\glhelper</Filter>
    </ClInclude>
    <ClInclude Include="..\dependencies\glhelper\glhelper\utils\pathutils.hpp">
      <Filter>dependencies\glhelper\utils</Filter>
    </ClInclude>
    <ClInclude Include="..\dependencies\glhelper\glhelper\utils\flagoperators.hpp">
      <Filter>dependencies\glhelper\utils</Filter>
    </ClInclude>
    <ClInclude Include="camera\interactivecamera.hpp">
      <Filter>source\camera</Filter>
    </ClInclude>
    <ClInclude Include="camera\camera.hpp">
      <Filter>source\camera</Filter>
    </ClInclude>
    <ClInclude Include="glhelperconfig.hpp">
      <Filter>source</Filter>
    </ClInclude>
    <ClInclude Include="scene\texturemanager.hpp">
      <Filter>source\scene</Filter>
    </ClInclude>
    <ClInclude Include="scene\scene.hpp">
      <Filter>source\scene</Filter>
    </ClInclude>
    <ClInclude Include="scene\model.hpp">
      <Filter>source\scene</Filter>
    </ClInclude>
    <ClInclude Include="..\dependencies\glhelper\glhelper\vertexarrayobject.hpp">
      <Filter>dependencies\glhelper</Filter>
    </ClInclude>
    <ClInclude Include="..\dependencies\glhelper\glhelper\texture3d.hpp">
      <Filter>dependencies\glhelper</Filter>
    </ClInclude>
    <ClInclude Include="FileWatcher\FileWatcherWin32.h">
      <Filter>source\FileWatcher</Filter>
    </ClInclude>
    <ClInclude Include="FileWatcher\FileWatcher.h">
      <Filter>source\FileWatcher</Filter>
    </ClInclude>
    <ClInclude Include="FileWatcher\FileWatcherImpl.h">
      <Filter>source\FileWatcher</Filter>
    </ClInclude>
    <ClInclude Include="application.hpp">
      <Filter>source</Filter>
    </ClInclude>
    <ClInclude Include="shaderfilewatcher.hpp">
      <Filter>source</Filter>
    </ClInclude>
    <ClInclude Include="rendering\renderer.hpp">
      <Filter>source\rendering</Filter>
    </ClInclude>
    <ClInclude Include="rendering\voxelization.hpp">
      <Filter>source\rendering</Filter>
    </ClInclude>
  </ItemGroup>
  <ItemGroup>
    <Text Include="utilities\note.txt">
      <Filter>source\utilities</Filter>
    </Text>
    <Text Include="FileWatcher\License.txt">
      <Filter>source\FileWatcher</Filter>
    </Text>
  </ItemGroup>
  <ItemGroup>
    <None Include="..\dependencies\glhelper\glhelper\glhelper.vcxproj.filters">
      <Filter>dependencies\glhelper</Filter>
    </None>
    <None Include="..\dependencies\glhelper\glhelper\shaderdatametainfo.inl">
      <Filter>dependencies\glhelper</Filter>
    </None>
    <None Include="..\dependencies\glhelper\glhelper\uniformbuffer.inl">
      <Filter>dependencies\glhelper</Filter>
    </None>
    <None Include="shader\simple.vert">
      <Filter>shader</Filter>
    </None>
    <None Include="shader\simple.frag">
      <Filter>shader</Filter>
    </None>
    <None Include="shader\screenTri.vert">
      <Filter>shader</Filter>
    </None>
    <None Include="shader\voxeldebug.frag">
      <Filter>shader</Filter>
    </None>
    <None Include="shader\globalubos.glsl">
      <Filter>shader</Filter>
    </None>
    <None Include="shader\voxelize.frag">
      <Filter>shader</Filter>
    </None>
    <None Include="shader\voxelize.vert">
      <Filter>shader</Filter>
    </None>
    <None Include="shader\voxelize.geom">
      <Filter>shader</Filter>
    </None>
  </ItemGroup>
</Project>